
Microsoft Visual Studio Solution File, Format Version 12.00
# Visual Studio 2012
Project("{FAE04EC0-301F-11D3-BF4B-00C04F79EFBC}") = "xmlrpc", "xmlrpc\xmlrpc.csproj", "{1B4B0A58-0AFB-4090-91DD-18912CC7DE65}"
EndProject
Project("{FAE04EC0-301F-11D3-BF4B-00C04F79EFBC}") = "xmlrpcCF", "xmlrpcCF\xmlrpcCF.csproj", "{57A1A190-6DCA-4611-8CB8-2A24B11A5C7A}"
EndProject
Project("{FAE04EC0-301F-11D3-BF4B-00C04F79EFBC}") = "xmlrpc.XamarinAndroid", "xmlrpc.XamarinAndroid\xmlrpc.XamarinAndroid.csproj", "{A9AEA565-980A-44C0-B3FE-CB6FFE86C7EB}"
EndProject
Project("{FAE04EC0-301F-11D3-BF4B-00C04F79EFBC}") = "xmlrpc.WindowsPhone7x", "xmlrpc.WindowsPhone7x\xmlrpc.WindowsPhone7x.csproj", "{11D1B264-ADEF-4D60-A653-ABFC0BC9CC49}"
EndProject
Project("{FAE04EC0-301F-11D3-BF4B-00C04F79EFBC}") = "xmlrpc.PCL", "xmlrpc.PCL\xmlrpc.PCL.csproj", "{62AABAC1-5136-4671-83F2-156CE7D06B0A}"
EndProject
Project("{FAE04EC0-301F-11D3-BF4B-00C04F79EFBC}") = "xmlrpc.XamarinIOS", "xmlrpc.XamarinIOS\xmlrpc.XamarinIOS.csproj", "{BDEAEF36-F201-4EBD-8A81-173F6ABBED95}"
EndProject
Project("{FAE04EC0-301F-11D3-BF4B-00C04F79EFBC}") = "xmlrpc.MonoMac", "xmlrpc.MonoMac\xmlrpc.MonoMac.csproj", "{52510AB9-2706-4E05-AD00-73B616B7F0E7}"
EndProject
Project("{2150E333-8FDC-42A3-9474-1A3956D46DE8}") = "samples", "samples", "{063EE205-7E2A-4E00-A61C-39BFD4417626}"
EndProject
Project("{FAE04EC0-301F-11D3-BF4B-00C04F79EFBC}") = "AsyncBettyApplication", "samples\AsyncBettyApplication\AsyncBettyApplication.csproj", "{47C8D059-8A35-42D2-8F63-559A788A5695}"
EndProject
Project("{FAE04EC0-301F-11D3-BF4B-00C04F79EFBC}") = "BettyApplication", "samples\BettyApplication\BettyApplication.csproj", "{D82D2A7C-CCBD-4229-9B91-1BDB26F8D5D1}"
EndProject
Project("{FAE04EC0-301F-11D3-BF4B-00C04F79EFBC}") = "LoggingExample", "samples\LoggingExample\LoggingExample.csproj", "{3AD1D8E7-9F7A-423E-B655-70F8E778AFE9}"
EndProject
Project("{FAE04EC0-301F-11D3-BF4B-00C04F79EFBC}") = "MathApp", "samples\MathApp\MathApp.csproj", "{459B4B09-B331-499B-A33A-BFDA6AED19EE}"
EndProject
Project("{FAE04EC0-301F-11D3-BF4B-00C04F79EFBC}") = "MathService", "samples\MathService\MathService.csproj", "{44298FB2-44CA-4CDF-A806-98BCAC5DB179}"
EndProject
Project("{FAE04EC0-301F-11D3-BF4B-00C04F79EFBC}") = "client", "samples\StateNameServer\client\client.csproj", "{B9984631-7145-438E-968C-5F58A10D26C5}"
EndProject
Global
	GlobalSection(SolutionConfigurationPlatforms) = preSolution
		AppStore|Any CPU = AppStore|Any CPU
		Debug|Any CPU = Debug|Any CPU
		Release|Any CPU = Release|Any CPU
	EndGlobalSection
	GlobalSection(ProjectConfigurationPlatforms) = postSolution
		{11D1B264-ADEF-4D60-A653-ABFC0BC9CC49}.AppStore|Any CPU.ActiveCfg = Release|Any CPU
		{11D1B264-ADEF-4D60-A653-ABFC0BC9CC49}.Debug|Any CPU.ActiveCfg = Debug|Any CPU
		{11D1B264-ADEF-4D60-A653-ABFC0BC9CC49}.Debug|Any CPU.Build.0 = Debug|Any CPU
		{11D1B264-ADEF-4D60-A653-ABFC0BC9CC49}.Release|Any CPU.ActiveCfg = Release|Any CPU
		{11D1B264-ADEF-4D60-A653-ABFC0BC9CC49}.Release|Any CPU.Build.0 = Release|Any CPU
		{1B4B0A58-0AFB-4090-91DD-18912CC7DE65}.AppStore|Any CPU.ActiveCfg = Debug|Any CPU
		{1B4B0A58-0AFB-4090-91DD-18912CC7DE65}.AppStore|Any CPU.Build.0 = Debug|Any CPU
		{1B4B0A58-0AFB-4090-91DD-18912CC7DE65}.Debug|Any CPU.ActiveCfg = Debug|Any CPU
		{1B4B0A58-0AFB-4090-91DD-18912CC7DE65}.Debug|Any CPU.Build.0 = Debug|Any CPU
		{1B4B0A58-0AFB-4090-91DD-18912CC7DE65}.Release|Any CPU.ActiveCfg = Release|Any CPU
		{1B4B0A58-0AFB-4090-91DD-18912CC7DE65}.Release|Any CPU.Build.0 = Release|Any CPU
		{3AD1D8E7-9F7A-423E-B655-70F8E778AFE9}.AppStore|Any CPU.ActiveCfg = Debug|Any CPU
		{3AD1D8E7-9F7A-423E-B655-70F8E778AFE9}.AppStore|Any CPU.Build.0 = Debug|Any CPU
		{3AD1D8E7-9F7A-423E-B655-70F8E778AFE9}.Debug|Any CPU.ActiveCfg = Debug|Any CPU
		{3AD1D8E7-9F7A-423E-B655-70F8E778AFE9}.Debug|Any CPU.Build.0 = Debug|Any CPU
		{3AD1D8E7-9F7A-423E-B655-70F8E778AFE9}.Release|Any CPU.ActiveCfg = Release|Any CPU
		{3AD1D8E7-9F7A-423E-B655-70F8E778AFE9}.Release|Any CPU.Build.0 = Release|Any CPU
		{44298FB2-44CA-4CDF-A806-98BCAC5DB179}.AppStore|Any CPU.ActiveCfg = Debug|Any CPU
		{44298FB2-44CA-4CDF-A806-98BCAC5DB179}.AppStore|Any CPU.Build.0 = Debug|Any CPU
		{44298FB2-44CA-4CDF-A806-98BCAC5DB179}.Debug|Any CPU.ActiveCfg = Debug|Any CPU
		{44298FB2-44CA-4CDF-A806-98BCAC5DB179}.Debug|Any CPU.Build.0 = Debug|Any CPU
		{44298FB2-44CA-4CDF-A806-98BCAC5DB179}.Release|Any CPU.ActiveCfg = Release|Any CPU
		{44298FB2-44CA-4CDF-A806-98BCAC5DB179}.Release|Any CPU.Build.0 = Release|Any CPU
		{459B4B09-B331-499B-A33A-BFDA6AED19EE}.AppStore|Any CPU.ActiveCfg = Debug|Any CPU
		{459B4B09-B331-499B-A33A-BFDA6AED19EE}.AppStore|Any CPU.Build.0 = Debug|Any CPU
		{459B4B09-B331-499B-A33A-BFDA6AED19EE}.Debug|Any CPU.ActiveCfg = Debug|Any CPU
		{459B4B09-B331-499B-A33A-BFDA6AED19EE}.Debug|Any CPU.Build.0 = Debug|Any CPU
		{459B4B09-B331-499B-A33A-BFDA6AED19EE}.Release|Any CPU.ActiveCfg = Release|Any CPU
		{459B4B09-B331-499B-A33A-BFDA6AED19EE}.Release|Any CPU.Build.0 = Release|Any CPU
		{47C8D059-8A35-42D2-8F63-559A788A5695}.AppStore|Any CPU.ActiveCfg = Debug|Any CPU
		{47C8D059-8A35-42D2-8F63-559A788A5695}.AppStore|Any CPU.Build.0 = Debug|Any CPU
		{47C8D059-8A35-42D2-8F63-559A788A5695}.Debug|Any CPU.ActiveCfg = Debug|Any CPU
		{47C8D059-8A35-42D2-8F63-559A788A5695}.Debug|Any CPU.Build.0 = Debug|Any CPU
		{47C8D059-8A35-42D2-8F63-559A788A5695}.Release|Any CPU.ActiveCfg = Release|Any CPU
		{47C8D059-8A35-42D2-8F63-559A788A5695}.Release|Any CPU.Build.0 = Release|Any CPU
		{52510AB9-2706-4E05-AD00-73B616B7F0E7}.AppStore|Any CPU.ActiveCfg = AppStore|Any CPU
		{52510AB9-2706-4E05-AD00-73B616B7F0E7}.AppStore|Any CPU.Build.0 = AppStore|Any CPU
		{52510AB9-2706-4E05-AD00-73B616B7F0E7}.Debug|Any CPU.ActiveCfg = Debug|Any CPU
		{52510AB9-2706-4E05-AD00-73B616B7F0E7}.Debug|Any CPU.Build.0 = Debug|Any CPU
		{52510AB9-2706-4E05-AD00-73B616B7F0E7}.Release|Any CPU.ActiveCfg = Release|Any CPU
		{52510AB9-2706-4E05-AD00-73B616B7F0E7}.Release|Any CPU.Build.0 = Release|Any CPU
		{57A1A190-6DCA-4611-8CB8-2A24B11A5C7A}.AppStore|Any CPU.ActiveCfg = Release|Any CPU
		{57A1A190-6DCA-4611-8CB8-2A24B11A5C7A}.Debug|Any CPU.ActiveCfg = Debug|Any CPU
		{57A1A190-6DCA-4611-8CB8-2A24B11A5C7A}.Debug|Any CPU.Build.0 = Debug|Any CPU
		{57A1A190-6DCA-4611-8CB8-2A24B11A5C7A}.Release|Any CPU.ActiveCfg = Release|Any CPU
		{57A1A190-6DCA-4611-8CB8-2A24B11A5C7A}.Release|Any CPU.Build.0 = Release|Any CPU
		{62AABAC1-5136-4671-83F2-156CE7D06B0A}.AppStore|Any CPU.ActiveCfg = Debug|Any CPU
		{62AABAC1-5136-4671-83F2-156CE7D06B0A}.AppStore|Any CPU.Build.0 = Debug|Any CPU
		{62AABAC1-5136-4671-83F2-156CE7D06B0A}.Debug|Any CPU.ActiveCfg = Debug|Any CPU
		{62AABAC1-5136-4671-83F2-156CE7D06B0A}.Debug|Any CPU.Build.0 = Debug|Any CPU
		{62AABAC1-5136-4671-83F2-156CE7D06B0A}.Release|Any CPU.ActiveCfg = Release|Any CPU
		{62AABAC1-5136-4671-83F2-156CE7D06B0A}.Release|Any CPU.Build.0 = Release|Any CPU
		{A9AEA565-980A-44C0-B3FE-CB6FFE86C7EB}.AppStore|Any CPU.ActiveCfg = Debug|Any CPU
		{A9AEA565-980A-44C0-B3FE-CB6FFE86C7EB}.AppStore|Any CPU.Build.0 = Debug|Any CPU
		{A9AEA565-980A-44C0-B3FE-CB6FFE86C7EB}.Debug|Any CPU.ActiveCfg = Debug|Any CPU
		{A9AEA565-980A-44C0-B3FE-CB6FFE86C7EB}.Debug|Any CPU.Build.0 = Debug|Any CPU
		{A9AEA565-980A-44C0-B3FE-CB6FFE86C7EB}.Release|Any CPU.ActiveCfg = Release|Any CPU
		{A9AEA565-980A-44C0-B3FE-CB6FFE86C7EB}.Release|Any CPU.Build.0 = Release|Any CPU
		{B9984631-7145-438E-968C-5F58A10D26C5}.AppStore|Any CPU.ActiveCfg = Debug|Any CPU
		{B9984631-7145-438E-968C-5F58A10D26C5}.AppStore|Any CPU.Build.0 = Debug|Any CPU
		{B9984631-7145-438E-968C-5F58A10D26C5}.Debug|Any CPU.ActiveCfg = Debug|Any CPU
		{B9984631-7145-438E-968C-5F58A10D26C5}.Debug|Any CPU.Build.0 = Debug|Any CPU
		{B9984631-7145-438E-968C-5F58A10D26C5}.Release|Any CPU.ActiveCfg = Release|Any CPU
		{B9984631-7145-438E-968C-5F58A10D26C5}.Release|Any CPU.Build.0 = Release|Any CPU
		{BDEAEF36-F201-4EBD-8A81-173F6ABBED95}.AppStore|Any CPU.ActiveCfg = Debug|Any CPU
		{BDEAEF36-F201-4EBD-8A81-173F6ABBED95}.AppStore|Any CPU.Build.0 = Debug|Any CPU
		{BDEAEF36-F201-4EBD-8A81-173F6ABBED95}.Debug|Any CPU.ActiveCfg = Debug|Any CPU
		{BDEAEF36-F201-4EBD-8A81-173F6ABBED95}.Debug|Any CPU.Build.0 = Debug|Any CPU
		{BDEAEF36-F201-4EBD-8A81-173F6ABBED95}.Release|Any CPU.ActiveCfg = Release|Any CPU
		{BDEAEF36-F201-4EBD-8A81-173F6ABBED95}.Release|Any CPU.Build.0 = Release|Any CPU
		{D82D2A7C-CCBD-4229-9B91-1BDB26F8D5D1}.AppStore|Any CPU.ActiveCfg = Debug|Any CPU
		{D82D2A7C-CCBD-4229-9B91-1BDB26F8D5D1}.AppStore|Any CPU.Build.0 = Debug|Any CPU
		{D82D2A7C-CCBD-4229-9B91-1BDB26F8D5D1}.Debug|Any CPU.ActiveCfg = Debug|Any CPU
		{D82D2A7C-CCBD-4229-9B91-1BDB26F8D5D1}.Debug|Any CPU.Build.0 = Debug|Any CPU
		{D82D2A7C-CCBD-4229-9B91-1BDB26F8D5D1}.Release|Any CPU.ActiveCfg = Release|Any CPU
		{D82D2A7C-CCBD-4229-9B91-1BDB26F8D5D1}.Release|Any CPU.Build.0 = Release|Any CPU
	EndGlobalSection
	GlobalSection(NestedProjects) = preSolution
		{47C8D059-8A35-42D2-8F63-559A788A5695} = {063EE205-7E2A-4E00-A61C-39BFD4417626}
		{D82D2A7C-CCBD-4229-9B91-1BDB26F8D5D1} = {063EE205-7E2A-4E00-A61C-39BFD4417626}
		{3AD1D8E7-9F7A-423E-B655-70F8E778AFE9} = {063EE205-7E2A-4E00-A61C-39BFD4417626}
		{459B4B09-B331-499B-A33A-BFDA6AED19EE} = {063EE205-7E2A-4E00-A61C-39BFD4417626}
		{44298FB2-44CA-4CDF-A806-98BCAC5DB179} = {063EE205-7E2A-4E00-A61C-39BFD4417626}
		{B9984631-7145-438E-968C-5F58A10D26C5} = {063EE205-7E2A-4E00-A61C-39BFD4417626}
	EndGlobalSection
	GlobalSection(MonoDevelopProperties) = preSolution
		StartupItem = samples\MathApp\MathApp.csproj
	EndGlobalSection
	GlobalSection(SolutionProperties) = preSolution
		HideSolutionNode = FALSE
	EndGlobalSection
EndGlobal
